// !$*UTF8*$!
{
	archiveVersion = 1;
	classes = {
	};
	objectVersion = 46;
	objects = {

/* Begin PBXBuildFile section */
		3175825F858277546C5923A7 /* libPods.a in Frameworks */ = {isa = PBXBuildFile; fileRef = 2F58F7867620B301F00387C3 /* libPods.a */; };
		F630B0261A0C9C650033ED26 /* main.m in Sources */ = {isa = PBXBuildFile; fileRef = F630B0251A0C9C650033ED26 /* main.m */; };
		F630B0291A0C9C650033ED26 /* AppDelegate.m in Sources */ = {isa = PBXBuildFile; fileRef = F630B0281A0C9C650033ED26 /* AppDelegate.m */; };
		F630B02C1A0C9C650033ED26 /* ViewController.m in Sources */ = {isa = PBXBuildFile; fileRef = F630B02B1A0C9C650033ED26 /* ViewController.m */; };
		F630B02F1A0C9C650033ED26 /* Main.storyboard in Resources */ = {isa = PBXBuildFile; fileRef = F630B02D1A0C9C650033ED26 /* Main.storyboard */; };
		F630B0311A0C9C650033ED26 /* Images.xcassets in Resources */ = {isa = PBXBuildFile; fileRef = F630B0301A0C9C650033ED26 /* Images.xcassets */; };
		F630B0341A0C9C650033ED26 /* LaunchScreen.xib in Resources */ = {isa = PBXBuildFile; fileRef = F630B0321A0C9C650033ED26 /* LaunchScreen.xib */; };
		F630B0401A0C9C650033ED26 /* DadamoreAppTests.m in Sources */ = {isa = PBXBuildFile; fileRef = F630B03F1A0C9C650033ED26 /* DadamoreAppTests.m */; };
		F63B70FD1A0CC66F00A905BD /* Nums.m in Sources */ = {isa = PBXBuildFile; fileRef = F63B70FC1A0CC66F00A905BD /* Nums.m */; };
		F63FDD7E1A0CC23800FB510F /* Model.xcdatamodeld in Sources */ = {isa = PBXBuildFile; fileRef = F63FDD7C1A0CC23800FB510F /* Model.xcdatamodeld */; };
		F6AB00AE1A0CAF71009FAFCA /* FmdbDao.m in Sources */ = {isa = PBXBuildFile; fileRef = F6AB00AD1A0CAF71009FAFCA /* FmdbDao.m */; };
/* End PBXBuildFile section */

/* Begin PBXContainerItemProxy section */
		F630B03A1A0C9C650033ED26 /* PBXContainerItemProxy */ = {
			isa = PBXContainerItemProxy;
			containerPortal = F630B0181A0C9C650033ED26 /* Project object */;
			proxyType = 1;
			remoteGlobalIDString = F630B01F1A0C9C650033ED26;
			remoteInfo = DadamoreApp;
		};
/* End PBXContainerItemProxy section */

/* Begin PBXFileReference section */
		2F58F7867620B301F00387C3 /* libPods.a */ = {isa = PBXFileReference; explicitFileType = archive.ar; includeInIndex = 0; path = libPods.a; sourceTree = BUILT_PRODUCTS_DIR; };
		9DC5E0A12B06C53D7BCE523C /* Pods.debug.xcconfig */ = {isa = PBXFileReference; includeInIndex = 1; lastKnownFileType = text.xcconfig; name = Pods.debug.xcconfig; path = "Pods/Target Support Files/Pods/Pods.debug.xcconfig"; sourceTree = "<group>"; };
		C799A333B9D30BE4C0539690 /* Pods.release.xcconfig */ = {isa = PBXFileReference; includeInIndex = 1; lastKnownFileType = text.xcconfig; name = Pods.release.xcconfig; path = "Pods/Target Support Files/Pods/Pods.release.xcconfig"; sourceTree = "<group>"; };
		F630B0201A0C9C650033ED26 /* DadamoreApp.app */ = {isa = PBXFileReference; explicitFileType = wrapper.application; includeInIndex = 0; path = DadamoreApp.app; sourceTree = BUILT_PRODUCTS_DIR; };
		F630B0241A0C9C650033ED26 /* Info.plist */ = {isa = PBXFileReference; lastKnownFileType = text.plist.xml; path = Info.plist; sourceTree = "<group>"; };
		F630B0251A0C9C650033ED26 /* main.m */ = {isa = PBXFileReference; lastKnownFileType = sourcecode.c.objc; path = main.m; sourceTree = "<group>"; };
		F630B0271A0C9C650033ED26 /* AppDelegate.h */ = {isa = PBXFileReference; lastKnownFileType = sourcecode.c.h; path = AppDelegate.h; sourceTree = "<group>"; };
		F630B0281A0C9C650033ED26 /* AppDelegate.m */ = {isa = PBXFileReference; lastKnownFileType = sourcecode.c.objc; path = AppDelegate.m; sourceTree = "<group>"; };
		F630B02A1A0C9C650033ED26 /* ViewController.h */ = {isa = PBXFileReference; lastKnownFileType = sourcecode.c.h; path = ViewController.h; sourceTree = "<group>"; };
		F630B02B1A0C9C650033ED26 /* ViewController.m */ = {isa = PBXFileReference; lastKnownFileType = sourcecode.c.objc; path = ViewController.m; sourceTree = "<group>"; };
		F630B02E1A0C9C650033ED26 /* Base */ = {isa = PBXFileReference; lastKnownFileType = file.storyboard; name = Base; path = Base.lproj/Main.storyboard; sourceTree = "<group>"; };
		F630B0301A0C9C650033ED26 /* Images.xcassets */ = {isa = PBXFileReference; lastKnownFileType = folder.assetcatalog; path = Images.xcassets; sourceTree = "<group>"; };
		F630B0331A0C9C650033ED26 /* Base */ = {isa = PBXFileReference; lastKnownFileType = file.xib; name = Base; path = Base.lproj/LaunchScreen.xib; sourceTree = "<group>"; };
		F630B0391A0C9C650033ED26 /* DadamoreAppTests.xctest */ = {isa = PBXFileReference; explicitFileType = wrapper.cfbundle; includeInIndex = 0; path = DadamoreAppTests.xctest; sourceTree = BUILT_PRODUCTS_DIR; };
		F630B03E1A0C9C650033ED26 /* Info.plist */ = {isa = PBXFileReference; lastKnownFileType = text.plist.xml; path = Info.plist; sourceTree = "<group>"; };
		F630B03F1A0C9C650033ED26 /* DadamoreAppTests.m */ = {isa = PBXFileReference; lastKnownFileType = sourcecode.c.objc; path = DadamoreAppTests.m; sourceTree = "<group>"; };
		F63B70FB1A0CC66F00A905BD /* Nums.h */ = {isa = PBXFileReference; fileEncoding = 4; lastKnownFileType = sourcecode.c.h; path = Nums.h; sourceTree = "<group>"; };
		F63B70FC1A0CC66F00A905BD /* Nums.m */ = {isa = PBXFileReference; fileEncoding = 4; lastKnownFileType = sourcecode.c.objc; path = Nums.m; sourceTree = "<group>"; };
		F63FDD7D1A0CC23800FB510F /* Model.xcdatamodel */ = {isa = PBXFileReference; lastKnownFileType = wrapper.xcdatamodel; path = Model.xcdatamodel; sourceTree = "<group>"; };
		F6AB00AC1A0CAF71009FAFCA /* FmdbDao.h */ = {isa = PBXFileReference; fileEncoding = 4; lastKnownFileType = sourcecode.c.h; path = FmdbDao.h; sourceTree = "<group>"; };
		F6AB00AD1A0CAF71009FAFCA /* FmdbDao.m */ = {isa = PBXFileReference; fileEncoding = 4; lastKnownFileType = sourcecode.c.objc; path = FmdbDao.m; sourceTree = "<group>"; };
/* End PBXFileReference section */

/* Begin PBXFrameworksBuildPhase section */
		F630B01D1A0C9C650033ED26 /* Frameworks */ = {
			isa = PBXFrameworksBuildPhase;
			buildActionMask = 2147483647;
			files = (
				3175825F858277546C5923A7 /* libPods.a in Frameworks */,
			);
			runOnlyForDeploymentPostprocessing = 0;
		};
		F630B0361A0C9C650033ED26 /* Frameworks */ = {
			isa = PBXFrameworksBuildPhase;
			buildActionMask = 2147483647;
			files = (
			);
			runOnlyForDeploymentPostprocessing = 0;
		};
/* End PBXFrameworksBuildPhase section */

/* Begin PBXGroup section */
		2DD02C119656788131B18595 /* Pods */ = {
			isa = PBXGroup;
			children = (
				9DC5E0A12B06C53D7BCE523C /* Pods.debug.xcconfig */,
				C799A333B9D30BE4C0539690 /* Pods.release.xcconfig */,
			);
			name = Pods;
			sourceTree = "<group>";
		};
		5A7207DD16D36F1AD307FE0B /* Frameworks */ = {
			isa = PBXGroup;
			children = (
				2F58F7867620B301F00387C3 /* libPods.a */,
			);
			name = Frameworks;
			sourceTree = "<group>";
		};
		F630B0171A0C9C650033ED26 = {
			isa = PBXGroup;
			children = (
				F630B0221A0C9C650033ED26 /* DadamoreApp */,
				F630B03C1A0C9C650033ED26 /* DadamoreAppTests */,
				F630B0211A0C9C650033ED26 /* Products */,
				2DD02C119656788131B18595 /* Pods */,
				5A7207DD16D36F1AD307FE0B /* Frameworks */,
			);
			sourceTree = "<group>";
		};
		F630B0211A0C9C650033ED26 /* Products */ = {
			isa = PBXGroup;
			children = (
				F630B0201A0C9C650033ED26 /* DadamoreApp.app */,
				F630B0391A0C9C650033ED26 /* DadamoreAppTests.xctest */,
			);
			name = Products;
			sourceTree = "<group>";
		};
		F630B0221A0C9C650033ED26 /* DadamoreApp */ = {
			isa = PBXGroup;
			children = (
				F630B0271A0C9C650033ED26 /* AppDelegate.h */,
				F630B0281A0C9C650033ED26 /* AppDelegate.m */,
				F630B02A1A0C9C650033ED26 /* ViewController.h */,
				F630B02B1A0C9C650033ED26 /* ViewController.m */,
				F630B02D1A0C9C650033ED26 /* Main.storyboard */,
				F630B0301A0C9C650033ED26 /* Images.xcassets */,
				F630B0321A0C9C650033ED26 /* LaunchScreen.xib */,
				F630B0231A0C9C650033ED26 /* Supporting Files */,
				F6AB00AC1A0CAF71009FAFCA /* FmdbDao.h */,
				F6AB00AD1A0CAF71009FAFCA /* FmdbDao.m */,
				F63FDD7C1A0CC23800FB510F /* Model.xcdatamodeld */,
				F63B70FB1A0CC66F00A905BD /* Nums.h */,
				F63B70FC1A0CC66F00A905BD /* Nums.m */,
			);
			path = DadamoreApp;
			sourceTree = "<group>";
		};
		F630B0231A0C9C650033ED26 /* Supporting Files */ = {
			isa = PBXGroup;
			children = (
				F630B0241A0C9C650033ED26 /* Info.plist */,
				F630B0251A0C9C650033ED26 /* main.m */,
			);
			name = "Supporting Files";
			sourceTree = "<group>";
		};
		F630B03C1A0C9C650033ED26 /* DadamoreAppTests */ = {
			isa = PBXGroup;
			children = (
				F630B03F1A0C9C650033ED26 /* DadamoreAppTests.m */,
				F630B03D1A0C9C650033ED26 /* Supporting Files */,
			);
			path = DadamoreAppTests;
			sourceTree = "<group>";
		};
		F630B03D1A0C9C650033ED26 /* Supporting Files */ = {
			isa = PBXGroup;
			children = (
				F630B03E1A0C9C650033ED26 /* Info.plist */,
			);
			name = "Supporting Files";
			sourceTree = "<group>";
		};
/* End PBXGroup section */

/* Begin PBXNativeTarget section */
		F630B01F1A0C9C650033ED26 /* DadamoreApp */ = {
			isa = PBXNativeTarget;
			buildConfigurationList = F630B0431A0C9C650033ED26 /* Build configuration list for PBXNativeTarget "DadamoreApp" */;
			buildPhases = (
				31D9F5FD9455E9F1951B410B /* Check Pods Manifest.lock */,
				F630B01C1A0C9C650033ED26 /* Sources */,
				F630B01D1A0C9C650033ED26 /* Frameworks */,
				F630B01E1A0C9C650033ED26 /* Resources */,
				8FAA365FCC426FD9E966F7AE /* Copy Pods Resources */,
			);
			buildRules = (
			);
			dependencies = (
			);
			name = DadamoreApp;
			productName = DadamoreApp;
			productReference = F630B0201A0C9C650033ED26 /* DadamoreApp.app */;
			productType = "com.apple.product-type.application";
		};
		F630B0381A0C9C650033ED26 /* DadamoreAppTests */ = {
			isa = PBXNativeTarget;
			buildConfigurationList = F630B0461A0C9C650033ED26 /* Build configuration list for PBXNativeTarget "DadamoreAppTests" */;
			buildPhases = (
				F630B0351A0C9C650033ED26 /* Sources */,
				F630B0361A0C9C650033ED26 /* Frameworks */,
				F630B0371A0C9C650033ED26 /* Resources */,
			);
			buildRules = (
			);
			dependencies = (
				F630B03B1A0C9C650033ED26 /* PBXTargetDependency */,
			);
			name = DadamoreAppTests;
			productName = DadamoreAppTests;
			productReference = F630B0391A0C9C650033ED26 /* DadamoreAppTests.xctest */;
			productType = "com.apple.product-type.bundle.unit-test";
		};
/* End PBXNativeTarget section */

/* Begin PBXProject section */
		F630B0181A0C9C650033ED26 /* Project object */ = {
			isa = PBXProject;
			attributes = {
				LastUpgradeCheck = 0610;
				ORGANIZATIONNAME = haranicle;
				TargetAttributes = {
					F630B01F1A0C9C650033ED26 = {
						CreatedOnToolsVersion = 6.1;
					};
					F630B0381A0C9C650033ED26 = {
						CreatedOnToolsVersion = 6.1;
						TestTargetID = F630B01F1A0C9C650033ED26;
					};
				};
			};
			buildConfigurationList = F630B01B1A0C9C650033ED26 /* Build configuration list for PBXProject "DadamoreApp" */;
			compatibilityVersion = "Xcode 3.2";
			developmentRegion = English;
			hasScannedForEncodings = 0;
			knownRegions = (
				en,
				Base,
			);
			mainGroup = F630B0171A0C9C650033ED26;
			productRefGroup = F630B0211A0C9C650033ED26 /* Products */;
			projectDirPath = "";
			projectRoot = "";
			targets = (
				F630B01F1A0C9C650033ED26 /* DadamoreApp */,
				F630B0381A0C9C650033ED26 /* DadamoreAppTests */,
			);
		};
/* End PBXProject section */

/* Begin PBXResourcesBuildPhase section */
		F630B01E1A0C9C650033ED26 /* Resources */ = {
			isa = PBXResourcesBuildPhase;
			buildActionMask = 2147483647;
			files = (
				F630B02F1A0C9C650033ED26 /* Main.storyboard in Resources */,
				F630B0341A0C9C650033ED26 /* LaunchScreen.xib in Resources */,
				F630B0311A0C9C650033ED26 /* Images.xcassets in Resources */,
			);
			runOnlyForDeploymentPostprocessing = 0;
		};
		F630B0371A0C9C650033ED26 /* Resources */ = {
			isa = PBXResourcesBuildPhase;
			buildActionMask = 2147483647;
			files = (
			);
			runOnlyForDeploymentPostprocessing = 0;
		};
/* End PBXResourcesBuildPhase section */

/* Begin PBXShellScriptBuildPhase section */
		31D9F5FD9455E9F1951B410B /* Check Pods Manifest.lock */ = {
			isa = PBXShellScriptBuildPhase;
			buildActionMask = 2147483647;
			files = (
			);
			inputPaths = (
			);
			name = "Check Pods Manifest.lock";
			outputPaths = (
			);
			runOnlyForDeploymentPostprocessing = 0;
			shellPath = /bin/sh;
			shellScript = "diff \"${PODS_ROOT}/../Podfile.lock\" \"${PODS_ROOT}/Manifest.lock\" > /dev/null\nif [[ $? != 0 ]] ; then\n    cat << EOM\nerror: The sandbox is not in sync with the Podfile.lock. Run 'pod install' or update your CocoaPods installation.\nEOM\n    exit 1\nfi\n";
			showEnvVarsInLog = 0;
		};
		8FAA365FCC426FD9E966F7AE /* Copy Pods Resources */ = {
			isa = PBXShellScriptBuildPhase;
			buildActionMask = 2147483647;
			files = (
			);
			inputPaths = (
			);
			name = "Copy Pods Resources";
			outputPaths = (
			);
			runOnlyForDeploymentPostprocessing = 0;
			shellPath = /bin/sh;
			shellScript = "\"${SRCROOT}/Pods/Target Support Files/Pods/Pods-resources.sh\"\n";
			showEnvVarsInLog = 0;
		};
/* End PBXShellScriptBuildPhase section */

/* Begin PBXSourcesBuildPhase section */
		F630B01C1A0C9C650033ED26 /* Sources */ = {
			isa = PBXSourcesBuildPhase;
			buildActionMask = 2147483647;
			files = (
				F63B70FD1A0CC66F00A905BD /* Nums.m in Sources */,
				F630B02C1A0C9C650033ED26 /* ViewController.m in Sources */,
				F6AB00AE1A0CAF71009FAFCA /* FmdbDao.m in Sources */,
				F63FDD7E1A0CC23800FB510F /* Model.xcdatamodeld in Sources */,
				F630B0291A0C9C650033ED26 /* AppDelegate.m in Sources */,
				F630B0261A0C9C650033ED26 /* main.m in Sources */,
			);
			runOnlyForDeploymentPostprocessing = 0;
		};
		F630B0351A0C9C650033ED26 /* Sources */ = {
			isa = PBXSourcesBuildPhase;
			buildActionMask = 2147483647;
			files = (
				F630B0401A0C9C650033ED26 /* DadamoreAppTests.m in Sources */,
			);
			runOnlyForDeploymentPostprocessing = 0;
		};
/* End PBXSourcesBuildPhase section */

/* Begin PBXTargetDependency section */
		F630B03B1A0C9C650033ED26 /* PBXTargetDependency */ = {
			isa = PBXTargetDependency;
			target = F630B01F1A0C9C650033ED26 /* DadamoreApp */;
			targetProxy = F630B03A1A0C9C650033ED26 /* PBXContainerItemProxy */;
		};
/* End PBXTargetDependency section */

/* Begin PBXVariantGroup section */
		F630B02D1A0C9C650033ED26 /* Main.storyboard */ = {
			isa = PBXVariantGroup;
			children = (
				F630B02E1A0C9C650033ED26 /* Base */,
			);
			name = Main.storyboard;
			sourceTree = "<group>";
		};
		F630B0321A0C9C650033ED26 /* LaunchScreen.xib */ = {
			isa = PBXVariantGroup;
			children = (
				F630B0331A0C9C650033ED26 /* Base */,
			);
			name = LaunchScreen.xib;
			sourceTree = "<group>";
		};
/* End PBXVariantGroup section */

/* Begin XCBuildConfiguration section */
		F630B0411A0C9C650033ED26 /* Debug */ = {
			isa = XCBuildConfiguration;
			buildSettings = {
				ALWAYS_SEARCH_USER_PATHS = NO;
				CLANG_CXX_LANGUAGE_STANDARD = "gnu++0x";
				CLANG_CXX_LIBRARY = "libc++";
				CLANG_ENABLE_MODULES = YES;
				CLANG_ENABLE_OBJC_ARC = YES;
				CLANG_WARN_BOOL_CONVERSION = YES;
				CLANG_WARN_CONSTANT_CONVERSION = YES;
				CLANG_WARN_DIRECT_OBJC_ISA_USAGE = YES_ERROR;
				CLANG_WARN_EMPTY_BODY = YES;
				CLANG_WARN_ENUM_CONVERSION = YES;
				CLANG_WARN_INT_CONVERSION = YES;
				CLANG_WARN_OBJC_ROOT_CLASS = YES_ERROR;
				CLANG_WARN_UNREACHABLE_CODE = YES;
				CLANG_WARN__DUPLICATE_METHOD_MATCH = YES;
				"CODE_SIGN_IDENTITY[sdk=iphoneos*]" = "iPhone Developer";
				COPY_PHASE_STRIP = NO;
				ENABLE_STRICT_OBJC_MSGSEND = YES;
				GCC_C_LANGUAGE_STANDARD = gnu99;
				GCC_DYNAMIC_NO_PIC = NO;
				GCC_OPTIMIZATION_LEVEL = 0;
				GCC_PREPROCESSOR_DEFINITIONS = (
					"DEBUG=1",
					"$(inherited)",
				);
				GCC_SYMBOLS_PRIVATE_EXTERN = NO;
				GCC_WARN_64_TO_32_BIT_CONVERSION = YES;
				GCC_WARN_ABOUT_RETURN_TYPE = YES_ERROR;
				GCC_WARN_UNDECLARED_SELECTOR = YES;
				GCC_WARN_UNINITIALIZED_AUTOS = YES_AGGRESSIVE;
				GCC_WARN_UNUSED_FUNCTION = YES;
				GCC_WARN_UNUSED_VARIABLE = YES;
				IPHONEOS_DEPLOYMENT_TARGET = 8.0;
				MTL_ENABLE_DEBUG_INFO = YES;
				ONLY_ACTIVE_ARCH = YES;
				OTHER_CFLAGS = "-DSQLITE_HAS_CODEC";
				SDKROOT = iphoneos;
			};
			name = Debug;
		};
		F630B0421A0C9C650033ED26 /* Release */ = {
			isa = XCBuildConfiguration;
			buildSettings = {
				ALWAYS_SEARCH_USER_PATHS = NO;
				CLANG_CXX_LANGUAGE_STANDARD = "gnu++0x";
				CLANG_CXX_LIBRARY = "libc++";
				CLANG_ENABLE_MODULES = YES;
				CLANG_ENABLE_OBJC_ARC = YES;
				CLANG_WARN_BOOL_CONVERSION = YES;
				CLANG_WARN_CONSTANT_CONVERSION = YES;
				CLANG_WARN_DIRECT_OBJC_ISA_USAGE = YES_ERROR;
				CLANG_WARN_EMPTY_BODY = YES;
				CLANG_WARN_ENUM_CONVERSION = YES;
				CLANG_WARN_INT_CONVERSION = YES;
				CLANG_WARN_OBJC_ROOT_CLASS = YES_ERROR;
				CLANG_WARN_UNREACHABLE_CODE = YES;
				CLANG_WARN__DUPLICATE_METHOD_MATCH = YES;
				"CODE_SIGN_IDENTITY[sdk=iphoneos*]" = "iPhone Developer";
				COPY_PHASE_STRIP = YES;
				ENABLE_NS_ASSERTIONS = NO;
				ENABLE_STRICT_OBJC_MSGSEND = YES;
				GCC_C_LANGUAGE_STANDARD = gnu99;
				GCC_WARN_64_TO_32_BIT_CONVERSION = YES;
				GCC_WARN_ABOUT_RETURN_TYPE = YES_ERROR;
				GCC_WARN_UNDECLARED_SELECTOR = YES;
				GCC_WARN_UNINITIALIZED_AUTOS = YES_AGGRESSIVE;
				GCC_WARN_UNUSED_FUNCTION = YES;
				GCC_WARN_UNUSED_VARIABLE = YES;
				IPHONEOS_DEPLOYMENT_TARGET = 8.0;
				MTL_ENABLE_DEBUG_INFO = NO;
				OTHER_CFLAGS = "-DSQLITE_HAS_CODEC";
				SDKROOT = iphoneos;
				VALIDATE_PRODUCT = YES;
			};
			name = Release;
		};
		F630B0441A0C9C650033ED26 /* Debug */ = {
			isa = XCBuildConfiguration;
			baseConfigurationReference = 9DC5E0A12B06C53D7BCE523C /* Pods.debug.xcconfig */;
			buildSettings = {
				ASSETCATALOG_COMPILER_APPICON_NAME = AppIcon;
				INFOPLIST_FILE = DadamoreApp/Info.plist;
				LD_RUNPATH_SEARCH_PATHS = "$(inherited) @executable_path/Frameworks";
				PRODUCT_NAME = "$(TARGET_NAME)";
			};
			name = Debug;
		};
		F630B0451A0C9C650033ED26 /* Release */ = {
			isa = XCBuildConfiguration;
			baseConfigurationReference = C799A333B9D30BE4C0539690 /* Pods.release.xcconfig */;
			buildSettings = {
				ASSETCATALOG_COMPILER_APPICON_NAME = AppIcon;
				INFOPLIST_FILE = DadamoreApp/Info.plist;
				LD_RUNPATH_SEARCH_PATHS = "$(inherited) @executable_path/Frameworks";
				PRODUCT_NAME = "$(TARGET_NAME)";
			};
			name = Release;
		};
		F630B0471A0C9C650033ED26 /* Debug */ = {
			isa = XCBuildConfiguration;
			buildSettings = {
				BUNDLE_LOADER = "$(TEST_HOST)";
				FRAMEWORK_SEARCH_PATHS = (
					"$(SDKROOT)/Developer/Library/Frameworks",
					"$(inherited)",
				);
				GCC_PREPROCESSOR_DEFINITIONS = (
					"DEBUG=1",
					"$(inherited)",
				);
				INFOPLIST_FILE = DadamoreAppTests/Info.plist;
				LD_RUNPATH_SEARCH_PATHS = "$(inherited) @executable_path/Frameworks @loader_path/Frameworks";
				PRODUCT_NAME = "$(TARGET_NAME)";
				TEST_HOST = "$(BUILT_PRODUCTS_DIR)/DadamoreApp.app/DadamoreApp";
			};
			name = Debug;
		};
		F630B0481A0C9C650033ED26 /* Release */ = {
			isa = XCBuildConfiguration;
			buildSettings = {
				BUNDLE_LOADER = "$(TEST_HOST)";
				FRAMEWORK_SEARCH_PATHS = (
					"$(SDKROOT)/Developer/Library/Frameworks",
					"$(inherited)",
				);
				INFOPLIST_FILE = DadamoreAppTests/Info.plist;
				LD_RUNPATH_SEARCH_PATHS = "$(inherited) @executable_path/Frameworks @loader_path/Frameworks";
				PRODUCT_NAME = "$(TARGET_NAME)";
				TEST_HOST = "$(BUILT_PRODUCTS_DIR)/DadamoreApp.app/DadamoreApp";
			};
			name = Release;
		};
/* End XCBuildConfiguration section */

/* Begin XCConfigurationList section */
		F630B01B1A0C9C650033ED26 /* Build configuration list for PBXProject "DadamoreApp" */ = {
			isa = XCConfigurationList;
			buildConfigurations = (
				F630B0411A0C9C650033ED26 /* Debug */,
				F630B0421A0C9C650033ED26 /* Release */,
			);
			defaultConfigurationIsVisible = 0;
			defaultConfigurationName = Release;
		};
		F630B0431A0C9C650033ED26 /* Build configuration list for PBXNativeTarget "DadamoreApp" */ = {
			isa = XCConfigurationList;
			buildConfigurations = (
				F630B0441A0C9C650033ED26 /* Debug */,
				F630B0451A0C9C650033ED26 /* Release */,
			);
			defaultConfigurationIsVisible = 0;
			defaultConfigurationName = Release;
		};
		F630B0461A0C9C650033ED26 /* Build configuration list for PBXNativeTarget "DadamoreAppTests" */ = {
			isa = XCConfigurationList;
			buildConfigurations = (
				F630B0471A0C9C650033ED26 /* Debug */,
				F630B0481A0C9C650033ED26 /* Release */,
			);
			defaultConfigurationIsVisible = 0;
			defaultConfigurationName = Release;
		};
/* End XCConfigurationList section */

/* Begin XCVersionGroup section */
		F63FDD7C1A0CC23800FB510F /* Model.xcdatamodeld */ = {
			isa = XCVersionGroup;
			children = (
				F63FDD7D1A0CC23800FB510F /* Model.xcdatamodel */,
			);
			currentVersion = F63FDD7D1A0CC23800FB510F /* Model.xcdatamodel */;
			path = Model.xcdatamodeld;
			sourceTree = "<group>";
			versionGroupType = wrapper.xcdatamodel;
		};
/* End XCVersionGroup section */
	};
	rootObject = F630B0181A0C9C650033ED26 /* Project object */;
}
